
Microsoft Visual Studio Solution File, Format Version 12.00
# Visual Studio Version 17
Project("{8BC9CEB8-8B4A-11D0-8D11-00A0C91BC942}") = "ALL_BUILD", "ALL_BUILD.vcxproj", "{F00D8F75-FDCD-303F-BE84-0FF51D568C89}"
	ProjectSection(ProjectDependencies) = postProject
		{6F24DD39-0049-3B76-BFE8-7AF22A308D9C} = {6F24DD39-0049-3B76-BFE8-7AF22A308D9C}
		{037AEFDE-70BA-374B-B7D9-835FC36401F1} = {037AEFDE-70BA-374B-B7D9-835FC36401F1}
	EndProjectSection
EndProject
Project("{8BC9CEB8-8B4A-11D0-8D11-00A0C91BC942}") = "DeerGame", "DeerGame.vcxproj", "{6F24DD39-0049-3B76-BFE8-7AF22A308D9C}"
	ProjectSection(ProjectDependencies) = postProject
		{037AEFDE-70BA-374B-B7D9-835FC36401F1} = {037AEFDE-70BA-374B-B7D9-835FC36401F1}
	EndProjectSection
EndProject
Project("{8BC9CEB8-8B4A-11D0-8D11-00A0C91BC942}") = "ZERO_CHECK", "ZERO_CHECK.vcxproj", "{037AEFDE-70BA-374B-B7D9-835FC36401F1}"
	ProjectSection(ProjectDependencies) = postProject
	EndProjectSection
EndProject
Global
	GlobalSection(SolutionConfigurationPlatforms) = preSolution
		Debug|x64 = Debug|x64
		Release|x64 = Release|x64
		MinSizeRel|x64 = MinSizeRel|x64
		RelWithDebInfo|x64 = RelWithDebInfo|x64
	EndGlobalSection
	GlobalSection(ProjectConfigurationPlatforms) = postSolution
		{F00D8F75-FDCD-303F-BE84-0FF51D568C89}.Debug|x64.ActiveCfg = Debug|x64
		{F00D8F75-FDCD-303F-BE84-0FF51D568C89}.Release|x64.ActiveCfg = Release|x64
		{F00D8F75-FDCD-303F-BE84-0FF51D568C89}.MinSizeRel|x64.ActiveCfg = MinSizeRel|x64
		{F00D8F75-FDCD-303F-BE84-0FF51D568C89}.RelWithDebInfo|x64.ActiveCfg = RelWithDebInfo|x64
		{6F24DD39-0049-3B76-BFE8-7AF22A308D9C}.Debug|x64.ActiveCfg = Debug|x64
		{6F24DD39-0049-3B76-BFE8-7AF22A308D9C}.Debug|x64.Build.0 = Debug|x64
		{6F24DD39-0049-3B76-BFE8-7AF22A308D9C}.Release|x64.ActiveCfg = Release|x64
		{6F24DD39-0049-3B76-BFE8-7AF22A308D9C}.Release|x64.Build.0 = Release|x64
		{6F24DD39-0049-3B76-BFE8-7AF22A308D9C}.MinSizeRel|x64.ActiveCfg = MinSizeRel|x64
		{6F24DD39-0049-3B76-BFE8-7AF22A308D9C}.MinSizeRel|x64.Build.0 = MinSizeRel|x64
		{6F24DD39-0049-3B76-BFE8-7AF22A308D9C}.RelWithDebInfo|x64.ActiveCfg = RelWithDebInfo|x64
		{6F24DD39-0049-3B76-BFE8-7AF22A308D9C}.RelWithDebInfo|x64.Build.0 = RelWithDebInfo|x64
		{037AEFDE-70BA-374B-B7D9-835FC36401F1}.Debug|x64.ActiveCfg = Debug|x64
		{037AEFDE-70BA-374B-B7D9-835FC36401F1}.Debug|x64.Build.0 = Debug|x64
		{037AEFDE-70BA-374B-B7D9-835FC36401F1}.Release|x64.ActiveCfg = Release|x64
		{037AEFDE-70BA-374B-B7D9-835FC36401F1}.Release|x64.Build.0 = Release|x64
		{037AEFDE-70BA-374B-B7D9-835FC36401F1}.MinSizeRel|x64.ActiveCfg = MinSizeRel|x64
		{037AEFDE-70BA-374B-B7D9-835FC36401F1}.MinSizeRel|x64.Build.0 = MinSizeRel|x64
		{037AEFDE-70BA-374B-B7D9-835FC36401F1}.RelWithDebInfo|x64.ActiveCfg = RelWithDebInfo|x64
		{037AEFDE-70BA-374B-B7D9-835FC36401F1}.RelWithDebInfo|x64.Build.0 = RelWithDebInfo|x64
	EndGlobalSection
	GlobalSection(ExtensibilityGlobals) = postSolution
		SolutionGuid = {5FB9F642-7E8B-3416-BD7F-3DC48F0F9660}
	EndGlobalSection
	GlobalSection(ExtensibilityAddIns) = postSolution
	EndGlobalSection
EndGlobal
