<?xml version="1.0" encoding="utf-8"?>
<Project ToolsVersion="17.0" xmlns="http://schemas.microsoft.com/developer/msbuild/2003">
  <ItemGroup>
    <CustomBuild Include="F:\SZE\5\Mosze\mosze-2023-hw-pacman-bytebusters\ByteBusters\Game\CMakeBuild\CMakeFiles\11ca65b132f5c304b7c161029c0ffc7b\generate.stamp.rule">
      <Filter>CMake Rules</Filter>
    </CustomBuild>
  </ItemGroup>
  <ItemGroup>
    <Filter Include="CMake Rules">
      <UniqueIdentifier>{AAEB9897-51A0-3D85-9D51-86013F7DB7DB}</UniqueIdentifier>
    </Filter>
  </ItemGroup>
</Project>
